{
  "name": "onlineshop",
  "version": "1.0.0",
  "lockfileVersion": 3,
  "requires": true,
  "packages": {
    "": {
      "name": "onlineshop",
      "version": "1.0.0",
      "license": "ISC",
      "dependencies": {
        "@floating-ui/dom": "^1.2.5",
        "@popperjs/core": "^2.11.6"
      }
    },
    "node_modules/@floating-ui/core": {
      "version": "1.2.4",
      "resolved": "https://registry.npmjs.org/@floating-ui/core/-/core-1.2.4.tgz",
      "integrity": "sha512-SQOeVbMwb1di+mVWWJLpsUTToKfqVNioXys011beCAhyOIFtS+GQoW4EQSneuxzmQKddExDwQ+X0hLl4lJJaSQ=="
    },
    "node_modules/@floating-ui/dom": {
      "version": "1.2.5",
      "resolved": "https://registry.npmjs.org/@floating-ui/dom/-/dom-1.2.5.tgz",
      "integrity": "sha512-+sAUfpQ3Frz+VCbPCqj+cZzvEESy3fjSeT/pDWkYCWOBXYNNKZfuVsHuv8/JO2zze8+Eb/Q7a6hZVgzS81fLbQ==",
      "dependencies": {
        "@floating-ui/core": "^1.2.4"
      }
    },
    "node_modules/@popperjs/core": {
      "version": "2.11.6",
      "resolved": "https://registry.npmjs.org/@popperjs/core/-/core-2.11.6.tgz",
      "integrity": "sha512-50/17A98tWUfQ176raKiOGXuYpLyyVMkxxG6oylzL3BPOlA6ADGdK7EYunSa4I064xerltq9TGXs8HmOk5E+vw==",
      "funding": {
        "type": "opencollective",
        "url": "https://opencollective.com/popperjs"
      }
    }
  }
}
